
Microsoft Visual Studio Solution File, Format Version 12.00
# Visual Studio Version 17
VisualStudioVersion = 17.14.36221.1 d17.14
MinimumVisualStudioVersion = 10.0.40219.1
Project("{FAE04EC0-301F-11D3-BF4B-00C04F79EFBC}") = "reg_test", "reg_test\reg_test.csproj", "{3923F298-E001-4D6E-8A90-5724AD45CFE8}"
EndProject
Project("{2150E333-8FDC-42A3-9474-1A3956D46DE8}") = "解决方案项", "解决方案项", "{9FA3D6BD-1EC1-3BA5-80CB-CE02773A58D5}"
EndProject
Global
	GlobalSection(SolutionConfigurationPlatforms) = preSolution
		Debug|Any CPU = Debug|Any CPU
		Release|Any CPU = Release|Any CPU
	EndGlobalSection
	GlobalSection(ProjectConfigurationPlatforms) = postSolution
		{3923F298-E001-4D6E-8A90-5724AD45CFE8}.Debug|Any CPU.ActiveCfg = Debug|Any CPU
		{3923F298-E001-4D6E-8A90-5724AD45CFE8}.Debug|Any CPU.Build.0 = Debug|Any CPU
		{3923F298-E001-4D6E-8A90-5724AD45CFE8}.Release|Any CPU.ActiveCfg = Release|Any CPU
		{3923F298-E001-4D6E-8A90-5724AD45CFE8}.Release|Any CPU.Build.0 = Release|Any CPU
	EndGlobalSection
	GlobalSection(SolutionProperties) = preSolution
		HideSolutionNode = FALSE
	EndGlobalSection
	GlobalSection(ExtensibilityGlobals) = postSolution
		SolutionGuid = {D363D634-CFAB-423C-BF2F-19BC2B49AFA3}
	EndGlobalSection
EndGlobal
